
Microsoft Visual Studio Solution File, Format Version 12.00
# Visual Studio Version 17
VisualStudioVersion = 17.10.35122.118
MinimumVisualStudioVersion = 10.0.40219.1
Project("{FAE04EC0-301F-11D3-BF4B-00C04F79EFBC}") = "Banco.API", "Banco.API\Banco.API.csproj", "{89ABD687-D8B1-4A83-BD1F-6F973D95A916}"
EndProject
Project("{FAE04EC0-301F-11D3-BF4B-00C04F79EFBC}") = "Banco.Domain", "Banco.Domain\Banco.Domain.csproj", "{6DDD807F-7564-42E2-9CC2-F802C95B7108}"
EndProject
Project("{FAE04EC0-301F-11D3-BF4B-00C04F79EFBC}") = "Banco.Application", "Banco.Application\Banco.Application.csproj", "{40D1E35D-ECBA-4803-B36F-30177699641D}"
EndProject
Project("{FAE04EC0-301F-11D3-BF4B-00C04F79EFBC}") = "Banco.CrossCutting", "Banco.CrossCutting\Banco.CrossCutting.csproj", "{7D30C540-E189-4122-8E06-231CD33BD68F}"
EndProject
Project("{FAE04EC0-301F-11D3-BF4B-00C04F79EFBC}") = "Banco.Infrastructure", "Banco.Infrastructure\Banco.Infrastructure.csproj", "{652F66B0-646C-414D-B656-93A4591EA09C}"
EndProject
Global
	GlobalSection(SolutionConfigurationPlatforms) = preSolution
		Debug|Any CPU = Debug|Any CPU
		Release|Any CPU = Release|Any CPU
	EndGlobalSection
	GlobalSection(ProjectConfigurationPlatforms) = postSolution
		{89ABD687-D8B1-4A83-BD1F-6F973D95A916}.Debug|Any CPU.ActiveCfg = Debug|Any CPU
		{89ABD687-D8B1-4A83-BD1F-6F973D95A916}.Debug|Any CPU.Build.0 = Debug|Any CPU
		{89ABD687-D8B1-4A83-BD1F-6F973D95A916}.Release|Any CPU.ActiveCfg = Release|Any CPU
		{89ABD687-D8B1-4A83-BD1F-6F973D95A916}.Release|Any CPU.Build.0 = Release|Any CPU
		{6DDD807F-7564-42E2-9CC2-F802C95B7108}.Debug|Any CPU.ActiveCfg = Debug|Any CPU
		{6DDD807F-7564-42E2-9CC2-F802C95B7108}.Debug|Any CPU.Build.0 = Debug|Any CPU
		{6DDD807F-7564-42E2-9CC2-F802C95B7108}.Release|Any CPU.ActiveCfg = Release|Any CPU
		{6DDD807F-7564-42E2-9CC2-F802C95B7108}.Release|Any CPU.Build.0 = Release|Any CPU
		{40D1E35D-ECBA-4803-B36F-30177699641D}.Debug|Any CPU.ActiveCfg = Debug|Any CPU
		{40D1E35D-ECBA-4803-B36F-30177699641D}.Debug|Any CPU.Build.0 = Debug|Any CPU
		{40D1E35D-ECBA-4803-B36F-30177699641D}.Release|Any CPU.ActiveCfg = Release|Any CPU
		{40D1E35D-ECBA-4803-B36F-30177699641D}.Release|Any CPU.Build.0 = Release|Any CPU
		{7D30C540-E189-4122-8E06-231CD33BD68F}.Debug|Any CPU.ActiveCfg = Debug|Any CPU
		{7D30C540-E189-4122-8E06-231CD33BD68F}.Debug|Any CPU.Build.0 = Debug|Any CPU
		{7D30C540-E189-4122-8E06-231CD33BD68F}.Release|Any CPU.ActiveCfg = Release|Any CPU
		{7D30C540-E189-4122-8E06-231CD33BD68F}.Release|Any CPU.Build.0 = Release|Any CPU
		{652F66B0-646C-414D-B656-93A4591EA09C}.Debug|Any CPU.ActiveCfg = Debug|Any CPU
		{652F66B0-646C-414D-B656-93A4591EA09C}.Debug|Any CPU.Build.0 = Debug|Any CPU
		{652F66B0-646C-414D-B656-93A4591EA09C}.Release|Any CPU.ActiveCfg = Release|Any CPU
		{652F66B0-646C-414D-B656-93A4591EA09C}.Release|Any CPU.Build.0 = Release|Any CPU
	EndGlobalSection
	GlobalSection(SolutionProperties) = preSolution
		HideSolutionNode = FALSE
	EndGlobalSection
	GlobalSection(ExtensibilityGlobals) = postSolution
		SolutionGuid = {1374F6A3-809C-4D90-A65C-C64EDEA2EFC5}
	EndGlobalSection
EndGlobal
